// !$*UTF8*$!
{
	archiveVersion = 1;
	classes = {
	};
	objectVersion = 46;
	objects = {

/* Begin PBXBuildFile section */
		8507C1321DF8132800EA1A57 /* BaseNavigationController.swift in Sources */ = {isa = PBXBuildFile; fileRef = 8507C1311DF8132800EA1A57 /* BaseNavigationController.swift */; };
		851B089D1DF7FAF800DAA072 /* UserDataManager.swift in Sources */ = {isa = PBXBuildFile; fileRef = 851B089C1DF7FAF800DAA072 /* UserDataManager.swift */; };
		85412B2E1DF69B6E00DEF6BF /* GuidancePageController.swift in Sources */ = {isa = PBXBuildFile; fileRef = 85412B2D1DF69B6E00DEF6BF /* GuidancePageController.swift */; };
		85412B311DF6A28400DEF6BF /* Screen.swift in Sources */ = {isa = PBXBuildFile; fileRef = 85412B301DF6A28400DEF6BF /* Screen.swift */; };
		85412B341DF6A5E100DEF6BF /* UIColorExtension.swift in Sources */ = {isa = PBXBuildFile; fileRef = 85412B331DF6A5E100DEF6BF /* UIColorExtension.swift */; };
		85412B391DF7B95A00DEF6BF /* LoginViewController.swift in Sources */ = {isa = PBXBuildFile; fileRef = 85412B371DF7B95A00DEF6BF /* LoginViewController.swift */; };
		85412B3D1DF7BED600DEF6BF /* UIImageExtension.swift in Sources */ = {isa = PBXBuildFile; fileRef = 85412B3C1DF7BED600DEF6BF /* UIImageExtension.swift */; };
		8581EF8C1DF65B0200D8AB32 /* AppDelegate.swift in Sources */ = {isa = PBXBuildFile; fileRef = 8581EF8B1DF65B0200D8AB32 /* AppDelegate.swift */; };
		8581EF8E1DF65B0200D8AB32 /* ViewController.swift in Sources */ = {isa = PBXBuildFile; fileRef = 8581EF8D1DF65B0200D8AB32 /* ViewController.swift */; };
		8581EF911DF65B0200D8AB32 /* Main.storyboard in Resources */ = {isa = PBXBuildFile; fileRef = 8581EF8F1DF65B0200D8AB32 /* Main.storyboard */; };
		8581EF931DF65B0200D8AB32 /* Assets.xcassets in Resources */ = {isa = PBXBuildFile; fileRef = 8581EF921DF65B0200D8AB32 /* Assets.xcassets */; };
		8581EF961DF65B0200D8AB32 /* LaunchScreen.storyboard in Resources */ = {isa = PBXBuildFile; fileRef = 8581EF941DF65B0200D8AB32 /* LaunchScreen.storyboard */; };
		8581EFA11DF65B0200D8AB32 /* CouchSurfingTests.swift in Sources */ = {isa = PBXBuildFile; fileRef = 8581EFA01DF65B0200D8AB32 /* CouchSurfingTests.swift */; };
		B16C57FD2D4F99ACBE26276E /* Pods_CouchSurfing.framework in Frameworks */ = {isa = PBXBuildFile; fileRef = 6B1FA33CD51E8FEF31575857 /* Pods_CouchSurfing.framework */; };
		B5C2A383F91ADBD0961E5777 /* Pods_CouchSurfingTests.framework in Frameworks */ = {isa = PBXBuildFile; fileRef = 7402B3D667096F4976BAD20A /* Pods_CouchSurfingTests.framework */; };
/* End PBXBuildFile section */

/* Begin PBXContainerItemProxy section */
		8581EF9D1DF65B0200D8AB32 /* PBXContainerItemProxy */ = {
			isa = PBXContainerItemProxy;
			containerPortal = 8581EF801DF65B0100D8AB32 /* Project object */;
			proxyType = 1;
			remoteGlobalIDString = 8581EF871DF65B0100D8AB32;
			remoteInfo = CouchSurfing;
		};
/* End PBXContainerItemProxy section */

/* Begin PBXFileReference section */
		2953BA89C90DA10B632A776D /* Pods-CouchSurfing.release.xcconfig */ = {isa = PBXFileReference; includeInIndex = 1; lastKnownFileType = text.xcconfig; name = "Pods-CouchSurfing.release.xcconfig"; path = "Pods/Target Support Files/Pods-CouchSurfing/Pods-CouchSurfing.release.xcconfig"; sourceTree = "<group>"; };
		550AF04BD256BB454E580303 /* Pods-CouchSurfingTests.debug.xcconfig */ = {isa = PBXFileReference; includeInIndex = 1; lastKnownFileType = text.xcconfig; name = "Pods-CouchSurfingTests.debug.xcconfig"; path = "Pods/Target Support Files/Pods-CouchSurfingTests/Pods-CouchSurfingTests.debug.xcconfig"; sourceTree = "<group>"; };
		6B1FA33CD51E8FEF31575857 /* Pods_CouchSurfing.framework */ = {isa = PBXFileReference; explicitFileType = wrapper.framework; includeInIndex = 0; path = Pods_CouchSurfing.framework; sourceTree = BUILT_PRODUCTS_DIR; };
		7402B3D667096F4976BAD20A /* Pods_CouchSurfingTests.framework */ = {isa = PBXFileReference; explicitFileType = wrapper.framework; includeInIndex = 0; path = Pods_CouchSurfingTests.framework; sourceTree = BUILT_PRODUCTS_DIR; };
		8507C1311DF8132800EA1A57 /* BaseNavigationController.swift */ = {isa = PBXFileReference; fileEncoding = 4; lastKnownFileType = sourcecode.swift; path = BaseNavigationController.swift; sourceTree = "<group>"; };
		851B089C1DF7FAF800DAA072 /* UserDataManager.swift */ = {isa = PBXFileReference; fileEncoding = 4; lastKnownFileType = sourcecode.swift; path = UserDataManager.swift; sourceTree = "<group>"; };
		85412B2D1DF69B6E00DEF6BF /* GuidancePageController.swift */ = {isa = PBXFileReference; fileEncoding = 4; lastKnownFileType = sourcecode.swift; path = GuidancePageController.swift; sourceTree = "<group>"; };
		85412B301DF6A28400DEF6BF /* Screen.swift */ = {isa = PBXFileReference; fileEncoding = 4; lastKnownFileType = sourcecode.swift; path = Screen.swift; sourceTree = "<group>"; };
		85412B331DF6A5E100DEF6BF /* UIColorExtension.swift */ = {isa = PBXFileReference; fileEncoding = 4; lastKnownFileType = sourcecode.swift; path = UIColorExtension.swift; sourceTree = "<group>"; };
		85412B371DF7B95A00DEF6BF /* LoginViewController.swift */ = {isa = PBXFileReference; fileEncoding = 4; lastKnownFileType = sourcecode.swift; path = LoginViewController.swift; sourceTree = "<group>"; };
		85412B3C1DF7BED600DEF6BF /* UIImageExtension.swift */ = {isa = PBXFileReference; fileEncoding = 4; lastKnownFileType = sourcecode.swift; path = UIImageExtension.swift; sourceTree = "<group>"; };
		8581EF881DF65B0200D8AB32 /* CouchSurfing.app */ = {isa = PBXFileReference; explicitFileType = wrapper.application; includeInIndex = 0; path = CouchSurfing.app; sourceTree = BUILT_PRODUCTS_DIR; };
		8581EF8B1DF65B0200D8AB32 /* AppDelegate.swift */ = {isa = PBXFileReference; lastKnownFileType = sourcecode.swift; path = AppDelegate.swift; sourceTree = "<group>"; };
		8581EF8D1DF65B0200D8AB32 /* ViewController.swift */ = {isa = PBXFileReference; lastKnownFileType = sourcecode.swift; name = ViewController.swift; path = CouchSurfing/ViewController.swift; sourceTree = SOURCE_ROOT; };
		8581EF901DF65B0200D8AB32 /* Base */ = {isa = PBXFileReference; lastKnownFileType = file.storyboard; name = Base; path = Base.lproj/Main.storyboard; sourceTree = "<group>"; };
		8581EF921DF65B0200D8AB32 /* Assets.xcassets */ = {isa = PBXFileReference; lastKnownFileType = folder.assetcatalog; path = Assets.xcassets; sourceTree = "<group>"; };
		8581EF951DF65B0200D8AB32 /* Base */ = {isa = PBXFileReference; lastKnownFileType = file.storyboard; name = Base; path = Base.lproj/LaunchScreen.storyboard; sourceTree = "<group>"; };
		8581EF971DF65B0200D8AB32 /* Info.plist */ = {isa = PBXFileReference; lastKnownFileType = text.plist.xml; path = Info.plist; sourceTree = "<group>"; };
		8581EF9C1DF65B0200D8AB32 /* CouchSurfingTests.xctest */ = {isa = PBXFileReference; explicitFileType = wrapper.cfbundle; includeInIndex = 0; path = CouchSurfingTests.xctest; sourceTree = BUILT_PRODUCTS_DIR; };
		8581EFA01DF65B0200D8AB32 /* CouchSurfingTests.swift */ = {isa = PBXFileReference; lastKnownFileType = sourcecode.swift; path = CouchSurfingTests.swift; sourceTree = "<group>"; };
		8581EFA21DF65B0200D8AB32 /* Info.plist */ = {isa = PBXFileReference; lastKnownFileType = text.plist.xml; path = Info.plist; sourceTree = "<group>"; };
		D38FBF69A299E42FD7795B8E /* Pods-CouchSurfingTests.release.xcconfig */ = {isa = PBXFileReference; includeInIndex = 1; lastKnownFileType = text.xcconfig; name = "Pods-CouchSurfingTests.release.xcconfig"; path = "Pods/Target Support Files/Pods-CouchSurfingTests/Pods-CouchSurfingTests.release.xcconfig"; sourceTree = "<group>"; };
		F4A3EFC30535504BF3184A3F /* Pods-CouchSurfing.debug.xcconfig */ = {isa = PBXFileReference; includeInIndex = 1; lastKnownFileType = text.xcconfig; name = "Pods-CouchSurfing.debug.xcconfig"; path = "Pods/Target Support Files/Pods-CouchSurfing/Pods-CouchSurfing.debug.xcconfig"; sourceTree = "<group>"; };
/* End PBXFileReference section */

/* Begin PBXFrameworksBuildPhase section */
		8581EF851DF65B0100D8AB32 /* Frameworks */ = {
			isa = PBXFrameworksBuildPhase;
			buildActionMask = 2147483647;
			files = (
				B16C57FD2D4F99ACBE26276E /* Pods_CouchSurfing.framework in Frameworks */,
			);
			runOnlyForDeploymentPostprocessing = 0;
		};
		8581EF991DF65B0200D8AB32 /* Frameworks */ = {
			isa = PBXFrameworksBuildPhase;
			buildActionMask = 2147483647;
			files = (
				B5C2A383F91ADBD0961E5777 /* Pods_CouchSurfingTests.framework in Frameworks */,
			);
			runOnlyForDeploymentPostprocessing = 0;
		};
/* End PBXFrameworksBuildPhase section */

/* Begin PBXGroup section */
		22C47011F70712BFDA867C63 /* Pods */ = {
			isa = PBXGroup;
			children = (
				F4A3EFC30535504BF3184A3F /* Pods-CouchSurfing.debug.xcconfig */,
				2953BA89C90DA10B632A776D /* Pods-CouchSurfing.release.xcconfig */,
				550AF04BD256BB454E580303 /* Pods-CouchSurfingTests.debug.xcconfig */,
				D38FBF69A299E42FD7795B8E /* Pods-CouchSurfingTests.release.xcconfig */,
			);
			name = Pods;
			sourceTree = "<group>";
		};
		8507C12D1DF8125000EA1A57 /* BaseObject */ = {
			isa = PBXGroup;
			children = (
				8507C1311DF8132800EA1A57 /* BaseNavigationController.swift */,
			);
			path = BaseObject;
			sourceTree = "<group>";
		};
		851B089B1DF7FAD600DAA072 /* Tool */ = {
			isa = PBXGroup;
			children = (
				851B089C1DF7FAF800DAA072 /* UserDataManager.swift */,
			);
			path = Tool;
			sourceTree = "<group>";
		};
		85412B281DF69AEE00DEF6BF /* ViewController */ = {
			isa = PBXGroup;
			children = (
				85412B361DF7B94100DEF6BF /* LoginController */,
				85412B2C1DF69B4B00DEF6BF /* GuidancePage */,
			);
			path = ViewController;
			sourceTree = "<group>";
		};
		85412B291DF69AFB00DEF6BF /* Model */ = {
			isa = PBXGroup;
			children = (
			);
			path = Model;
			sourceTree = "<group>";
		};
		85412B2A1DF69B2100DEF6BF /* View */ = {
			isa = PBXGroup;
			children = (
			);
			path = View;
			sourceTree = "<group>";
		};
		85412B2B1DF69B2100DEF6BF /* Other */ = {
			isa = PBXGroup;
			children = (
				8507C12D1DF8125000EA1A57 /* BaseObject */,
				851B089B1DF7FAD600DAA072 /* Tool */,
				85412B321DF6A5C100DEF6BF /* Extensions */,
				85412B301DF6A28400DEF6BF /* Screen.swift */,
			);
			name = Other;
			path = View/Other;
			sourceTree = "<group>";
		};
		85412B2C1DF69B4B00DEF6BF /* GuidancePage */ = {
			isa = PBXGroup;
			children = (
				85412B2D1DF69B6E00DEF6BF /* GuidancePageController.swift */,
			);
			path = GuidancePage;
			sourceTree = "<group>";
		};
		85412B321DF6A5C100DEF6BF /* Extensions */ = {
			isa = PBXGroup;
			children = (
				85412B331DF6A5E100DEF6BF /* UIColorExtension.swift */,
				85412B3C1DF7BED600DEF6BF /* UIImageExtension.swift */,
			);
			path = Extensions;
			sourceTree = "<group>";
		};
		85412B361DF7B94100DEF6BF /* LoginController */ = {
			isa = PBXGroup;
			children = (
				85412B371DF7B95A00DEF6BF /* LoginViewController.swift */,
			);
			path = LoginController;
			sourceTree = "<group>";
		};
		8581EF7F1DF65B0100D8AB32 = {
			isa = PBXGroup;
			children = (
				8581EF8A1DF65B0200D8AB32 /* CouchSurfing */,
				8581EF9F1DF65B0200D8AB32 /* CouchSurfingTests */,
				8581EF891DF65B0200D8AB32 /* Products */,
				22C47011F70712BFDA867C63 /* Pods */,
				D72061816E419C75E7A63AC9 /* Frameworks */,
			);
			sourceTree = "<group>";
		};
		8581EF891DF65B0200D8AB32 /* Products */ = {
			isa = PBXGroup;
			children = (
				8581EF881DF65B0200D8AB32 /* CouchSurfing.app */,
				8581EF9C1DF65B0200D8AB32 /* CouchSurfingTests.xctest */,
			);
			name = Products;
			sourceTree = "<group>";
		};
		8581EF8A1DF65B0200D8AB32 /* CouchSurfing */ = {
			isa = PBXGroup;
			children = (
				8581EF8B1DF65B0200D8AB32 /* AppDelegate.swift */,
				8581EF8D1DF65B0200D8AB32 /* ViewController.swift */,
				85412B281DF69AEE00DEF6BF /* ViewController */,
				85412B2A1DF69B2100DEF6BF /* View */,
				85412B291DF69AFB00DEF6BF /* Model */,
				85412B2B1DF69B2100DEF6BF /* Other */,
				8581EF8F1DF65B0200D8AB32 /* Main.storyboard */,
				8581EF921DF65B0200D8AB32 /* Assets.xcassets */,
				8581EF941DF65B0200D8AB32 /* LaunchScreen.storyboard */,
				8581EF971DF65B0200D8AB32 /* Info.plist */,
			);
			path = CouchSurfing;
			sourceTree = "<group>";
		};
		8581EF9F1DF65B0200D8AB32 /* CouchSurfingTests */ = {
			isa = PBXGroup;
			children = (
				8581EFA01DF65B0200D8AB32 /* CouchSurfingTests.swift */,
				8581EFA21DF65B0200D8AB32 /* Info.plist */,
			);
			path = CouchSurfingTests;
			sourceTree = "<group>";
		};
		D72061816E419C75E7A63AC9 /* Frameworks */ = {
			isa = PBXGroup;
			children = (
				6B1FA33CD51E8FEF31575857 /* Pods_CouchSurfing.framework */,
				7402B3D667096F4976BAD20A /* Pods_CouchSurfingTests.framework */,
			);
			name = Frameworks;
			sourceTree = "<group>";
		};
/* End PBXGroup section */

/* Begin PBXNativeTarget section */
		8581EF871DF65B0100D8AB32 /* CouchSurfing */ = {
			isa = PBXNativeTarget;
			buildConfigurationList = 8581EFA51DF65B0200D8AB32 /* Build configuration list for PBXNativeTarget "CouchSurfing" */;
			buildPhases = (
				B7338408BBFC02C3C7F50CC6 /* [CP] Check Pods Manifest.lock */,
				8581EF841DF65B0100D8AB32 /* Sources */,
				8581EF851DF65B0100D8AB32 /* Frameworks */,
				8581EF861DF65B0100D8AB32 /* Resources */,
				85412B351DF6AA5700DEF6BF /* ShellScript */,
				D8A43AF0EA204A6C4844F24C /* [CP] Embed Pods Frameworks */,
				501DCF4B88A4CBC20A495B76 /* [CP] Copy Pods Resources */,
			);
			buildRules = (
			);
			dependencies = (
			);
			name = CouchSurfing;
			productName = CouchSurfing;
			productReference = 8581EF881DF65B0200D8AB32 /* CouchSurfing.app */;
			productType = "com.apple.product-type.application";
		};
		8581EF9B1DF65B0200D8AB32 /* CouchSurfingTests */ = {
			isa = PBXNativeTarget;
			buildConfigurationList = 8581EFA81DF65B0200D8AB32 /* Build configuration list for PBXNativeTarget "CouchSurfingTests" */;
			buildPhases = (
				E3E837D39DF0739395B7C2CC /* [CP] Check Pods Manifest.lock */,
				8581EF981DF65B0200D8AB32 /* Sources */,
				8581EF991DF65B0200D8AB32 /* Frameworks */,
				8581EF9A1DF65B0200D8AB32 /* Resources */,
				684FFCDBCF3360E0B220A431 /* [CP] Embed Pods Frameworks */,
				EFA62225C1A6371B839B7C56 /* [CP] Copy Pods Resources */,
			);
			buildRules = (
			);
			dependencies = (
				8581EF9E1DF65B0200D8AB32 /* PBXTargetDependency */,
			);
			name = CouchSurfingTests;
			productName = CouchSurfingTests;
			productReference = 8581EF9C1DF65B0200D8AB32 /* CouchSurfingTests.xctest */;
			productType = "com.apple.product-type.bundle.unit-test";
		};
/* End PBXNativeTarget section */

/* Begin PBXProject section */
		8581EF801DF65B0100D8AB32 /* Project object */ = {
			isa = PBXProject;
			attributes = {
				LastSwiftUpdateCheck = 0810;
				LastUpgradeCheck = 0810;
				ORGANIZATIONNAME = monstar;
				TargetAttributes = {
					8581EF871DF65B0100D8AB32 = {
						CreatedOnToolsVersion = 8.1;
						ProvisioningStyle = Automatic;
					};
					8581EF9B1DF65B0200D8AB32 = {
						CreatedOnToolsVersion = 8.1;
						ProvisioningStyle = Automatic;
						TestTargetID = 8581EF871DF65B0100D8AB32;
					};
				};
			};
			buildConfigurationList = 8581EF831DF65B0100D8AB32 /* Build configuration list for PBXProject "CouchSurfing" */;
			compatibilityVersion = "Xcode 3.2";
			developmentRegion = English;
			hasScannedForEncodings = 0;
			knownRegions = (
				en,
				Base,
			);
			mainGroup = 8581EF7F1DF65B0100D8AB32;
			productRefGroup = 8581EF891DF65B0200D8AB32 /* Products */;
			projectDirPath = "";
			projectRoot = "";
			targets = (
				8581EF871DF65B0100D8AB32 /* CouchSurfing */,
				8581EF9B1DF65B0200D8AB32 /* CouchSurfingTests */,
			);
		};
/* End PBXProject section */

/* Begin PBXResourcesBuildPhase section */
		8581EF861DF65B0100D8AB32 /* Resources */ = {
			isa = PBXResourcesBuildPhase;
			buildActionMask = 2147483647;
			files = (
				8581EF961DF65B0200D8AB32 /* LaunchScreen.storyboard in Resources */,
				8581EF931DF65B0200D8AB32 /* Assets.xcassets in Resources */,
				8581EF911DF65B0200D8AB32 /* Main.storyboard in Resources */,
			);
			runOnlyForDeploymentPostprocessing = 0;
		};
		8581EF9A1DF65B0200D8AB32 /* Resources */ = {
			isa = PBXResourcesBuildPhase;
			buildActionMask = 2147483647;
			files = (
			);
			runOnlyForDeploymentPostprocessing = 0;
		};
/* End PBXResourcesBuildPhase section */

/* Begin PBXShellScriptBuildPhase section */
		501DCF4B88A4CBC20A495B76 /* [CP] Copy Pods Resources */ = {
			isa = PBXShellScriptBuildPhase;
			buildActionMask = 2147483647;
			files = (
			);
			inputPaths = (
			);
			name = "[CP] Copy Pods Resources";
			outputPaths = (
			);
			runOnlyForDeploymentPostprocessing = 0;
			shellPath = /bin/sh;
			shellScript = "\"${SRCROOT}/Pods/Target Support Files/Pods-CouchSurfing/Pods-CouchSurfing-resources.sh\"\n";
			showEnvVarsInLog = 0;
		};
		684FFCDBCF3360E0B220A431 /* [CP] Embed Pods Frameworks */ = {
			isa = PBXShellScriptBuildPhase;
			buildActionMask = 2147483647;
			files = (
			);
			inputPaths = (
			);
			name = "[CP] Embed Pods Frameworks";
			outputPaths = (
			);
			runOnlyForDeploymentPostprocessing = 0;
			shellPath = /bin/sh;
			shellScript = "\"${SRCROOT}/Pods/Target Support Files/Pods-CouchSurfingTests/Pods-CouchSurfingTests-frameworks.sh\"\n";
			showEnvVarsInLog = 0;
		};
		85412B351DF6AA5700DEF6BF /* ShellScript */ = {
			isa = PBXShellScriptBuildPhase;
			buildActionMask = 2147483647;
			files = (
			);
			inputPaths = (
			);
			outputPaths = (
			);
			runOnlyForDeploymentPostprocessing = 0;
			shellPath = /bin/sh;
			shellScript = "TAGS=\"TODO:|FIXME:\"\necho \"searching ${SRCROOT} for ${TAGS}\"\nfind \"${SRCROOT}\" \\( -name \"*.swift\" \\) -print0 | xargs -0 egrep --with-filename --line-number --only-matching \"($TAGS).*\\$\" | perl -p -e \"s/($TAGS)/ warning: \\$1/\"";
		};
		B7338408BBFC02C3C7F50CC6 /* [CP] Check Pods Manifest.lock */ = {
			isa = PBXShellScriptBuildPhase;
			buildActionMask = 2147483647;
			files = (
			);
			inputPaths = (
			);
			name = "[CP] Check Pods Manifest.lock";
			outputPaths = (
			);
			runOnlyForDeploymentPostprocessing = 0;
			shellPath = /bin/sh;
			shellScript = "diff \"${PODS_ROOT}/../Podfile.lock\" \"${PODS_ROOT}/Manifest.lock\" > /dev/null\nif [ $? != 0 ] ; then\n    # print error to STDERR\n    echo \"error: The sandbox is not in sync with the Podfile.lock. Run 'pod install' or update your CocoaPods installation.\" >&2\n    exit 1\nfi\n";
			showEnvVarsInLog = 0;
		};
		D8A43AF0EA204A6C4844F24C /* [CP] Embed Pods Frameworks */ = {
			isa = PBXShellScriptBuildPhase;
			buildActionMask = 2147483647;
			files = (
			);
			inputPaths = (
			);
			name = "[CP] Embed Pods Frameworks";
			outputPaths = (
			);
			runOnlyForDeploymentPostprocessing = 0;
			shellPath = /bin/sh;
			shellScript = "\"${SRCROOT}/Pods/Target Support Files/Pods-CouchSurfing/Pods-CouchSurfing-frameworks.sh\"\n";
			showEnvVarsInLog = 0;
		};
		E3E837D39DF0739395B7C2CC /* [CP] Check Pods Manifest.lock */ = {
			isa = PBXShellScriptBuildPhase;
			buildActionMask = 2147483647;
			files = (
			);
			inputPaths = (
			);
			name = "[CP] Check Pods Manifest.lock";
			outputPaths = (
			);
			runOnlyForDeploymentPostprocessing = 0;
			shellPath = /bin/sh;
			shellScript = "diff \"${PODS_ROOT}/../Podfile.lock\" \"${PODS_ROOT}/Manifest.lock\" > /dev/null\nif [ $? != 0 ] ; then\n    # print error to STDERR\n    echo \"error: The sandbox is not in sync with the Podfile.lock. Run 'pod install' or update your CocoaPods installation.\" >&2\n    exit 1\nfi\n";
			showEnvVarsInLog = 0;
		};
		EFA62225C1A6371B839B7C56 /* [CP] Copy Pods Resources */ = {
			isa = PBXShellScriptBuildPhase;
			buildActionMask = 2147483647;
			files = (
			);
			inputPaths = (
			);
			name = "[CP] Copy Pods Resources";
			outputPaths = (
			);
			runOnlyForDeploymentPostprocessing = 0;
			shellPath = /bin/sh;
			shellScript = "\"${SRCROOT}/Pods/Target Support Files/Pods-CouchSurfingTests/Pods-CouchSurfingTests-resources.sh\"\n";
			showEnvVarsInLog = 0;
		};
/* End PBXShellScriptBuildPhase section */

/* Begin PBXSourcesBuildPhase section */
		8581EF841DF65B0100D8AB32 /* Sources */ = {
			isa = PBXSourcesBuildPhase;
			buildActionMask = 2147483647;
			files = (
				85412B391DF7B95A00DEF6BF /* LoginViewController.swift in Sources */,
				8581EF8E1DF65B0200D8AB32 /* ViewController.swift in Sources */,
				85412B3D1DF7BED600DEF6BF /* UIImageExtension.swift in Sources */,
				85412B2E1DF69B6E00DEF6BF /* GuidancePageController.swift in Sources */,
				851B089D1DF7FAF800DAA072 /* UserDataManager.swift in Sources */,
				8507C1321DF8132800EA1A57 /* BaseNavigationController.swift in Sources */,
				85412B341DF6A5E100DEF6BF /* UIColorExtension.swift in Sources */,
				8581EF8C1DF65B0200D8AB32 /* AppDelegate.swift in Sources */,
				85412B311DF6A28400DEF6BF /* Screen.swift in Sources */,
			);
			runOnlyForDeploymentPostprocessing = 0;
		};
		8581EF981DF65B0200D8AB32 /* Sources */ = {
			isa = PBXSourcesBuildPhase;
			buildActionMask = 2147483647;
			files = (
				8581EFA11DF65B0200D8AB32 /* CouchSurfingTests.swift in Sources */,
			);
			runOnlyForDeploymentPostprocessing = 0;
		};
/* End PBXSourcesBuildPhase section */

/* Begin PBXTargetDependency section */
		8581EF9E1DF65B0200D8AB32 /* PBXTargetDependency */ = {
			isa = PBXTargetDependency;
			target = 8581EF871DF65B0100D8AB32 /* CouchSurfing */;
			targetProxy = 8581EF9D1DF65B0200D8AB32 /* PBXContainerItemProxy */;
		};
/* End PBXTargetDependency section */

/* Begin PBXVariantGroup section */
		8581EF8F1DF65B0200D8AB32 /* Main.storyboard */ = {
			isa = PBXVariantGroup;
			children = (
				8581EF901DF65B0200D8AB32 /* Base */,
			);
			name = Main.storyboard;
			sourceTree = "<group>";
		};
		8581EF941DF65B0200D8AB32 /* LaunchScreen.storyboard */ = {
			isa = PBXVariantGroup;
			children = (
				8581EF951DF65B0200D8AB32 /* Base */,
			);
			name = LaunchScreen.storyboard;
			sourceTree = "<group>";
		};
/* End PBXVariantGroup section */

/* Begin XCBuildConfiguration section */
		8581EFA31DF65B0200D8AB32 /* Debug */ = {
			isa = XCBuildConfiguration;
			buildSettings = {
				ALWAYS_SEARCH_USER_PATHS = NO;
				CLANG_ANALYZER_NONNULL = YES;
				CLANG_CXX_LANGUAGE_STANDARD = "gnu++0x";
				CLANG_CXX_LIBRARY = "libc++";
				CLANG_ENABLE_MODULES = YES;
				CLANG_ENABLE_OBJC_ARC = YES;
				CLANG_WARN_BOOL_CONVERSION = YES;
				CLANG_WARN_CONSTANT_CONVERSION = YES;
				CLANG_WARN_DIRECT_OBJC_ISA_USAGE = YES_ERROR;
				CLANG_WARN_DOCUMENTATION_COMMENTS = YES;
				CLANG_WARN_EMPTY_BODY = YES;
				CLANG_WARN_ENUM_CONVERSION = YES;
				CLANG_WARN_INFINITE_RECURSION = YES;
				CLANG_WARN_INT_CONVERSION = YES;
				CLANG_WARN_OBJC_ROOT_CLASS = YES_ERROR;
				CLANG_WARN_SUSPICIOUS_MOVES = YES;
				CLANG_WARN_UNREACHABLE_CODE = YES;
				CLANG_WARN__DUPLICATE_METHOD_MATCH = YES;
				"CODE_SIGN_IDENTITY[sdk=iphoneos*]" = "iPhone Developer";
				COPY_PHASE_STRIP = NO;
				DEBUG_INFORMATION_FORMAT = dwarf;
				ENABLE_STRICT_OBJC_MSGSEND = YES;
				ENABLE_TESTABILITY = YES;
				GCC_C_LANGUAGE_STANDARD = gnu99;
				GCC_DYNAMIC_NO_PIC = NO;
				GCC_NO_COMMON_BLOCKS = YES;
				GCC_OPTIMIZATION_LEVEL = 0;
				GCC_PREPROCESSOR_DEFINITIONS = (
					"DEBUG=1",
					"$(inherited)",
				);
				GCC_WARN_64_TO_32_BIT_CONVERSION = YES;
				GCC_WARN_ABOUT_RETURN_TYPE = YES_ERROR;
				GCC_WARN_UNDECLARED_SELECTOR = YES;
				GCC_WARN_UNINITIALIZED_AUTOS = YES_AGGRESSIVE;
				GCC_WARN_UNUSED_FUNCTION = YES;
				GCC_WARN_UNUSED_VARIABLE = YES;
				IPHONEOS_DEPLOYMENT_TARGET = 10.1;
				MTL_ENABLE_DEBUG_INFO = YES;
				ONLY_ACTIVE_ARCH = YES;
				SDKROOT = iphoneos;
				SWIFT_ACTIVE_COMPILATION_CONDITIONS = DEBUG;
				SWIFT_OPTIMIZATION_LEVEL = "-Onone";
			};
			name = Debug;
		};
		8581EFA41DF65B0200D8AB32 /* Release */ = {
			isa = XCBuildConfiguration;
			buildSettings = {
				ALWAYS_SEARCH_USER_PATHS = NO;
				CLANG_ANALYZER_NONNULL = YES;
				CLANG_CXX_LANGUAGE_STANDARD = "gnu++0x";
				CLANG_CXX_LIBRARY = "libc++";
				CLANG_ENABLE_MODULES = YES;
				CLANG_ENABLE_OBJC_ARC = YES;
				CLANG_WARN_BOOL_CONVERSION = YES;
				CLANG_WARN_CONSTANT_CONVERSION = YES;
				CLANG_WARN_DIRECT_OBJC_ISA_USAGE = YES_ERROR;
				CLANG_WARN_DOCUMENTATION_COMMENTS = YES;
				CLANG_WARN_EMPTY_BODY = YES;
				CLANG_WARN_ENUM_CONVERSION = YES;
				CLANG_WARN_INFINITE_RECURSION = YES;
				CLANG_WARN_INT_CONVERSION = YES;
				CLANG_WARN_OBJC_ROOT_CLASS = YES_ERROR;
				CLANG_WARN_SUSPICIOUS_MOVES = YES;
				CLANG_WARN_UNREACHABLE_CODE = YES;
				CLANG_WARN__DUPLICATE_METHOD_MATCH = YES;
				"CODE_SIGN_IDENTITY[sdk=iphoneos*]" = "iPhone Developer";
				COPY_PHASE_STRIP = NO;
				DEBUG_INFORMATION_FORMAT = "dwarf-with-dsym";
				ENABLE_NS_ASSERTIONS = NO;
				ENABLE_STRICT_OBJC_MSGSEND = YES;
				GCC_C_LANGUAGE_STANDARD = gnu99;
				GCC_NO_COMMON_BLOCKS = YES;
				GCC_WARN_64_TO_32_BIT_CONVERSION = YES;
				GCC_WARN_ABOUT_RETURN_TYPE = YES_ERROR;
				GCC_WARN_UNDECLARED_SELECTOR = YES;
				GCC_WARN_UNINITIALIZED_AUTOS = YES_AGGRESSIVE;
				GCC_WARN_UNUSED_FUNCTION = YES;
				GCC_WARN_UNUSED_VARIABLE = YES;
				IPHONEOS_DEPLOYMENT_TARGET = 10.1;
				MTL_ENABLE_DEBUG_INFO = NO;
				SDKROOT = iphoneos;
				SWIFT_OPTIMIZATION_LEVEL = "-Owholemodule";
				VALIDATE_PRODUCT = YES;
			};
			name = Release;
		};
		8581EFA61DF65B0200D8AB32 /* Debug */ = {
			isa = XCBuildConfiguration;
			baseConfigurationReference = F4A3EFC30535504BF3184A3F /* Pods-CouchSurfing.debug.xcconfig */;
			buildSettings = {
				ASSETCATALOG_COMPILER_APPICON_NAME = AppIcon;
				ASSETCATALOG_COMPILER_LAUNCHIMAGE_NAME = LaunchImage;
				GCC_INCREASE_PRECOMPILED_HEADER_SHARING = NO;
				INFOPLIST_FILE = CouchSurfing/Info.plist;
				IPHONEOS_DEPLOYMENT_TARGET = 8.0;
				LD_RUNPATH_SEARCH_PATHS = "$(inherited) @executable_path/Frameworks";
				PRODUCT_BUNDLE_IDENTIFIER = BG.CouchSurfing;
				PRODUCT_NAME = "$(TARGET_NAME)";
				SWIFT_VERSION = 3.0;
			};
			name = Debug;
		};
		8581EFA71DF65B0200D8AB32 /* Release */ = {
			isa = XCBuildConfiguration;
			baseConfigurationReference = 2953BA89C90DA10B632A776D /* Pods-CouchSurfing.release.xcconfig */;
			buildSettings = {
				ASSETCATALOG_COMPILER_APPICON_NAME = AppIcon;
				ASSETCATALOG_COMPILER_LAUNCHIMAGE_NAME = LaunchImage;
				GCC_INCREASE_PRECOMPILED_HEADER_SHARING = NO;
				INFOPLIST_FILE = CouchSurfing/Info.plist;
				IPHONEOS_DEPLOYMENT_TARGET = 8.0;
				LD_RUNPATH_SEARCH_PATHS = "$(inherited) @executable_path/Frameworks";
				PRODUCT_BUNDLE_IDENTIFIER = BG.CouchSurfing;
				PRODUCT_NAME = "$(TARGET_NAME)";
				SWIFT_VERSION = 3.0;
			};
			name = Release;
		};
		8581EFA91DF65B0200D8AB32 /* Debug */ = {
			isa = XCBuildConfiguration;
			baseConfigurationReference = 550AF04BD256BB454E580303 /* Pods-CouchSurfingTests.debug.xcconfig */;
			buildSettings = {
				ALWAYS_EMBED_SWIFT_STANDARD_LIBRARIES = YES;
				BUNDLE_LOADER = "$(TEST_HOST)";
				INFOPLIST_FILE = CouchSurfingTests/Info.plist;
				LD_RUNPATH_SEARCH_PATHS = "$(inherited) @executable_path/Frameworks @loader_path/Frameworks";
				PRODUCT_BUNDLE_IDENTIFIER = BG.CouchSurfingTests;
				PRODUCT_NAME = "$(TARGET_NAME)";
				SWIFT_VERSION = 3.0;
				TEST_HOST = "$(BUILT_PRODUCTS_DIR)/CouchSurfing.app/CouchSurfing";
			};
			name = Debug;
		};
		8581EFAA1DF65B0200D8AB32 /* Release */ = {
			isa = XCBuildConfiguration;
			baseConfigurationReference = D38FBF69A299E42FD7795B8E /* Pods-CouchSurfingTests.release.xcconfig */;
			buildSettings = {
				ALWAYS_EMBED_SWIFT_STANDARD_LIBRARIES = YES;
				BUNDLE_LOADER = "$(TEST_HOST)";
				INFOPLIST_FILE = CouchSurfingTests/Info.plist;
				LD_RUNPATH_SEARCH_PATHS = "$(inherited) @executable_path/Frameworks @loader_path/Frameworks";
				PRODUCT_BUNDLE_IDENTIFIER = BG.CouchSurfingTests;
				PRODUCT_NAME = "$(TARGET_NAME)";
				SWIFT_VERSION = 3.0;
				TEST_HOST = "$(BUILT_PRODUCTS_DIR)/CouchSurfing.app/CouchSurfing";
			};
			name = Release;
		};
/* End XCBuildConfiguration section */

/* Begin XCConfigurationList section */
		8581EF831DF65B0100D8AB32 /* Build configuration list for PBXProject "CouchSurfing" */ = {
			isa = XCConfigurationList;
			buildConfigurations = (
				8581EFA31DF65B0200D8AB32 /* Debug */,
				8581EFA41DF65B0200D8AB32 /* Release */,
			);
			defaultConfigurationIsVisible = 0;
			defaultConfigurationName = Release;
		};
		8581EFA51DF65B0200D8AB32 /* Build configuration list for PBXNativeTarget "CouchSurfing" */ = {
			isa = XCConfigurationList;
			buildConfigurations = (
				8581EFA61DF65B0200D8AB32 /* Debug */,
				8581EFA71DF65B0200D8AB32 /* Release */,
			);
			defaultConfigurationIsVisible = 0;
			defaultConfigurationName = Release;
		};
		8581EFA81DF65B0200D8AB32 /* Build configuration list for PBXNativeTarget "CouchSurfingTests" */ = {
			isa = XCConfigurationList;
			buildConfigurations = (
				8581EFA91DF65B0200D8AB32 /* Debug */,
				8581EFAA1DF65B0200D8AB32 /* Release */,
			);
			defaultConfigurationIsVisible = 0;
			defaultConfigurationName = Release;
		};
/* End XCConfigurationList section */
	};
	rootObject = 8581EF801DF65B0100D8AB32 /* Project object */;
}
